# THIS IS AN AUTOGENERATED FILE. DO NOT EDIT THIS FILE DIRECTLY.
# yarn lockfile v1


"@types/history@*":
  version "4.7.3"
  resolved "https://registry.yarnpkg.com/@types/history/-/history-4.7.3.tgz#856c99cdc1551d22c22b18b5402719affec9839a"
  integrity sha512-cS5owqtwzLN5kY+l+KgKdRJ/Cee8tlmQoGQuIE9tWnSmS3JMKzmxo2HIAk2wODMifGwO20d62xZQLYz+RLfXmw==

"@types/prop-types@*":
  version "15.7.3"
  resolved "https://registry.yarnpkg.com/@types/prop-types/-/prop-types-15.7.3.tgz#2ab0d5da2e5815f94b0b9d4b95d1e5f243ab2ca7"
  integrity sha512-KfRL3PuHmqQLOG+2tGpRO26Ctg+Cq1E01D2DMriKEATHgWLfeNDmq9e29Q9WIky0dQ3NPkd1mzYH8Lm936Z9qw==

"@types/react-router-config@5.0.2":
  version "5.0.2"
  resolved "https://registry.yarnpkg.com/@types/react-router-config/-/react-router-config-5.0.2.tgz#4d3b52e71ed363a1976a12321e67b09a99ad6d10"
  integrity sha512-WOSetDV3YPxbkVJAdv/bqExJjmcdCi/vpCJh3NfQOy1X15vHMSiMioXIcGekXDJJYhqGUMDo9e337mh508foAA==
  dependencies:
    "@types/history" "*"
    "@types/react" "*"
    "@types/react-router" "*"

"@types/react-router@*":
  version "5.1.1"
  resolved "https://registry.yarnpkg.com/@types/react-router/-/react-router-5.1.1.tgz#e0b827556abc70da3473d05daf074c839d6852aa"
  integrity sha512-S7SlFAPb7ZKr6HHMW0kLHGcz8pyJSL0UdM+JtlWthDqKUWwr7E6oPXuHgkofDI8dKCm16slg8K8VCf5pZJquaA==
  dependencies:
    "@types/history" "*"
    "@types/react" "*"

"@types/react-router@5.1.13":
  version "5.1.13"
  resolved "https://registry.yarnpkg.com/@types/react-router/-/react-router-5.1.13.tgz#051c0d229bd48ad90558a1db500708127cc512f7"
  integrity sha512-ZIuaO9Yrln54X6elg8q2Ivp6iK6p4syPsefEYAhRDAoqNh48C8VYUmB9RkXjKSQAJSJV0mbIFCX7I4vZDcHrjg==
  dependencies:
    "@types/history" "*"
    "@types/react" "*"

"@types/react@*":
  version "16.9.4"
  resolved "https://registry.yarnpkg.com/@types/react/-/react-16.9.4.tgz#de8cf5e5e2838659fb78fa93181078469eeb19fc"
  integrity sha512-ItGNmJvQ0IvWt8rbk5PLdpdQhvBVxAaXI9hDlx7UMd8Ie1iMIuwMNiKeTfmVN517CdplpyXvA22X4zm4jGGZnw==
  dependencies:
    "@types/prop-types" "*"
    csstype "^2.2.0"

csstype@^2.2.0:
  version "2.6.6"
  resolved "https://registry.yarnpkg.com/csstype/-/csstype-2.6.6.tgz#c34f8226a94bbb10c32cc0d714afdf942291fc41"
  integrity sha512-RpFbQGUE74iyPgvr46U9t1xoQBM8T4BL8SxrN66Le2xYAPSaDJJKeztV3awugusb3g3G9iL8StmkBBXhcbbXhg==

typescript@4.2.4:
  version "4.2.4"
  resolved "https://registry.yarnpkg.com/typescript/-/typescript-4.2.4.tgz#8610b59747de028fda898a8aef0e103f156d0961"
  integrity sha512-V+evlYHZnQkaz8TRBuxTA92yZBPotr5H+WhQ7bD3hZUndx5tGOa1fuCgeSjxAzM1RiN5IzvadIXTVefuuwZCRg==
